version = 1
revision = 3
requires-python = ">=3.14"

[[package]]
name = "colorama"
version = "0.4.6"
source = { registry = "https://pypi.org/simple/" }
sdist = { url = "https://files.pythonhosted.org/packages/d8/53/6f443c9a4a8358a93a6792e2acffb9d9d5cb0a5cfd8802644b7b1c9a02e4/colorama-0.4.6.tar.gz", hash = "sha256:08695f5cb7ed6e0531a20572697297273c47b8cae5a63ffc6d6ed5c201be6e44", size = 27697, upload-time = "2022-10-25T02:36:22.414Z" }
wheels = [
    { url = "https://files.pythonhosted.org/packages/d1/d6/3965ed04c63042e047cb6a3e6ed1a63a35087b6a609aa3a15ed8ac56c221/colorama-0.4.6-py2.py3-none-any.whl", hash = "sha256:4f1d9991f5acc0ca119f9d443620b77f9d6b33703e51011c16baf57afb285fc6", size = 25335, upload-time = "2022-10-25T02:36:20.889Z" },
]

[[package]]
name = "coverage"
version = "7.14.1"
source = { registry = "https://pypi.org/simple/" }
sdist = { url = "https://files.pythonhosted.org/packages/54/fd/0ab2772530e946e1be1abd0bc09e647ec9b02e88f0867857601fefca8953/coverage-7.14.1.tar.gz", hash = "sha256:30c08f7d90415aa98b3c990385dea2939b0da55f38515e5b369b83655f8523be", size = 920132, upload-time = "2026-05-26T20:41:36.783Z" }
wheels = [
    { url = "https://files.pythonhosted.org/packages/d6/34/fc2f101b151af3799a101f0550b0454aa008afdc0add677394ec4aa8ea10/coverage-7.14.1-cp314-cp314-macosx_10_15_x86_64.whl", hash = "sha256:d5ed429d0b8edaac649e889b4ffcedb6c80b06629a3f93050e3dddfb99235bee", size = 220091, upload-time = "2026-05-26T20:40:27.249Z" },
    { url = "https://files.pythonhosted.org/packages/3d/a7/1ebae2ab5b961b5c79bb09fe7b3ac99edb190d8be4a8c510b2cf66f46468/coverage-7.14.1-cp314-cp314-macosx_11_0_arm64.whl", hash = "sha256:8011224a62280e50dab346960c03cf47aca1a1e09e608c0fb33fd6e0cc8e9500", size = 220421, upload-time = "2026-05-26T20:40:30.084Z" },
    { url = "https://files.pythonhosted.org/packages/5e/90/92aca9cf0acc95123c96cd1eb1f08917897a7f5dee01e15738922971ec31/coverage-7.14.1-cp314-cp314-manylinux1_i686.manylinux_2_28_i686.manylinux_2_5_i686.whl", hash = "sha256:12c42ec1e14f553c4f817e989365982e646e27211f10a0f717855b94a79c8906", size = 251466, upload-time = "2026-05-26T20:40:32.542Z" },
    { url = "https://files.pythonhosted.org/packages/26/2b/78048cbe3b999f6cbf9cc0d90abba6a88a3e0863a8c1c6cbc762f3f8802f/coverage-7.14.1-cp314-cp314-manylinux1_x86_64.manylinux_2_28_x86_64.manylinux_2_5_x86_64.whl", hash = "sha256:06144cd511cf2624873a035c5069cf297144f6e77a73ee3d7a55b605ec5efb42", size = 253973, upload-time = "2026-05-26T20:40:34.473Z" },
    { url = "https://files.pythonhosted.org/packages/8e/21/c2e33b29d1cfde484a19d437afc343c6cd30b08d78cbbf9f5aff14e57b2b/coverage-7.14.1-cp314-cp314-manylinux2014_aarch64.manylinux_2_17_aarch64.manylinux_2_28_aarch64.whl", hash = "sha256:a311d8e1da24be5c1ccf85cbfb06315dbaa1703d5a1eab3f6432c72b837917c8", size = 255318, upload-time = "2026-05-26T20:40:38.154Z" },
    { url = "https://files.pythonhosted.org/packages/8e/ee/aad2f108d63b769121005302f16bf66db8625c88ceaba466942e09a2607e/coverage-7.14.1-cp314-cp314-manylinux2014_ppc64le.manylinux_2_17_ppc64le.manylinux_2_28_ppc64le.whl", hash = "sha256:c79cead5b5bc584d9c71451cb984d0e3a84e0c0937379c8efcbf27c8d661b851", size = 257633, upload-time = "2026-05-26T20:40:40.164Z" },
    { url = "https://files.pythonhosted.org/packages/c2/f8/11a2c29b4fd76d9849f81d0bb812ec0017a9396df3217214e38934a8c837/coverage-7.14.1-cp314-cp314-manylinux_2_31_riscv64.manylinux_2_39_riscv64.whl", hash = "sha256:dcbf65f1f66a26cdd88c35cf68fb4729c5d1cd2e88added72420541dfb212034", size = 251488, upload-time = "2026-05-26T20:40:42.631Z" },
    { url = "https://files.pythonhosted.org/packages/c9/b8/9a5820de4b8ac2b71d85e3b5fb49108d7469c665f0e2ad0dd7569023e305/coverage-7.14.1-cp314-cp314-musllinux_1_2_aarch64.whl", hash = "sha256:fd86572566fb40189a8260446158235159bc7a82dfbc87a3b39cf4fb57fcec1c", size = 253329, upload-time = "2026-05-26T20:40:45.208Z" },
    { url = "https://files.pythonhosted.org/packages/6b/ff/f33e4823667e27548e8fd8df44217515303f9808d0ff29817db56f87d990/coverage-7.14.1-cp314-cp314-musllinux_1_2_i686.whl", hash = "sha256:7771b601718fdde84832c3a434ca9bbf4ae9adbc49d84198b4110700c3c77c36", size = 251291, upload-time = "2026-05-26T20:40:47.502Z" },
    { url = "https://files.pythonhosted.org/packages/68/9b/489db0ebb209054766b90a9014a45f6d26eb724c02ec21311c3733b5a644/coverage-7.14.1-cp314-cp314-musllinux_1_2_ppc64le.whl", hash = "sha256:39b21e212c55af06fa375e3dbf90a8a8e38792f3a910c580066d23563830ddd5", size = 255564, upload-time = "2026-05-26T20:40:49.372Z" },
    { url = "https://files.pythonhosted.org/packages/27/b5/16bc2d4c2409b23c7737edb68c83bc89e345f378050549fe1d75ac7d34d5/coverage-7.14.1-cp314-cp314-musllinux_1_2_riscv64.whl", hash = "sha256:f2302660e32562a532b442480121aef8aa61a5bdb20b30bf0adab29f10a5a4b4", size = 251107, upload-time = "2026-05-26T20:40:51.677Z" },
    { url = "https://files.pythonhosted.org/packages/7d/0c/2629997469a00cd069d588a41c9dc887610f2775ae89d250c4791e65272a/coverage-7.14.1-cp314-cp314-musllinux_1_2_x86_64.whl", hash = "sha256:03a6f93c1ec3b7f2e77b5dbcc5573a2c21f12529a5c6bbe0f16f72303cc2fa4d", size = 252764, upload-time = "2026-05-26T20:40:54.267Z" },
    { url = "https://files.pythonhosted.org/packages/d2/ee/f78d63c8f079e0d7211c7e2401fa17e311514534ba61bae03e4b287ce4ab/coverage-7.14.1-cp314-cp314-win32.whl", hash = "sha256:8a3ce026d73290f42f08dafecbd82c193a74df280461fbf97300fec51fd133ee", size = 222837, upload-time = "2026-05-26T20:40:56.496Z" },
    { url = "https://files.pythonhosted.org/packages/dc/b9/be539854f93a70dfbeec69117f33ec70dc42ff0b65b5b07ab8d40d04228e/coverage-7.14.1-cp314-cp314-win_amd64.whl", hash = "sha256:114c95ef29302423b87d159075805f4ab973254a2638a5d7d046c94887cc87d7", size = 223650, upload-time = "2026-05-26T20:40:58.351Z" },
    { url = "https://files.pythonhosted.org/packages/fe/9e/24e2842fef40f35ac82ba3a7719c8023d011bf3bf652d0675316a9d088a1/coverage-7.14.1-cp314-cp314-win_arm64.whl", hash = "sha256:a07891c3f4805442b31b71e84ba3cf29ed1aa9a428284e06deeb4b23e5b46343", size = 222218, upload-time = "2026-05-26T20:41:00.321Z" },
    { url = "https://files.pythonhosted.org/packages/0a/1d/ac0a9df5fe31c1e8bdd658074905fc12844a05c1a7e3fdb8417e97c31e23/coverage-7.14.1-cp314-cp314t-macosx_10_15_x86_64.whl", hash = "sha256:1101a5ebb083aecb625ebb6209d4105b58f647b093cb2dc8122d7b33f743cfe1", size = 220822, upload-time = "2026-05-26T20:41:02.281Z" },
    { url = "https://files.pythonhosted.org/packages/32/cf/f964fd9aff20323f9f1a726c97135f8a76bcd87b92dad141a456a43f3c64/coverage-7.14.1-cp314-cp314t-macosx_11_0_arm64.whl", hash = "sha256:851b9e1e4e8a4608e77c79714b2e77c0970d2ed7202a05e92ae407817481887b", size = 221084, upload-time = "2026-05-26T20:41:04.593Z" },
    { url = "https://files.pythonhosted.org/packages/d8/5e/7e5ef2aba844de2b80d678619fcf0841b42e3f37f16411226f3fe4c1016f/coverage-7.14.1-cp314-cp314t-manylinux1_i686.manylinux_2_28_i686.manylinux_2_5_i686.whl", hash = "sha256:d5b89cdfb2ee051b71e8c3c70bd81a9eff81100f736a269136fe1a68efe00474", size = 262454, upload-time = "2026-05-26T20:41:06.641Z" },
    { url = "https://files.pythonhosted.org/packages/64/62/75809bded87015cc4935524218a2a8ed8dd1a8498bfed30a2f4f7a4b4d34/coverage-7.14.1-cp314-cp314t-manylinux1_x86_64.manylinux_2_28_x86_64.manylinux_2_5_x86_64.whl", hash = "sha256:0177614a0370f227888b4e436a7c55686d6a9f90eb1ade2b624ba685a1686e86", size = 264578, upload-time = "2026-05-26T20:41:08.556Z" },
    { url = "https://files.pythonhosted.org/packages/f3/42/d33392dc14633525012d2d504fa1a33b05538bf535f5c1d64675e5754b78/coverage-7.14.1-cp314-cp314t-manylinux2014_aarch64.manylinux_2_17_aarch64.manylinux_2_28_aarch64.whl", hash = "sha256:2d69af5dea2de76fc485a83032a630523f985198b7e25be901ec60181587b01e", size = 266981, upload-time = "2026-05-26T20:41:10.824Z" },
    { url = "https://files.pythonhosted.org/packages/2a/49/0157c4428c2aca7f1e09d5565930586fd5ae36f1655f08b0daa7cf1fcae1/coverage-7.14.1-cp314-cp314t-manylinux2014_ppc64le.manylinux_2_17_ppc64le.manylinux_2_28_ppc64le.whl", hash = "sha256:35ab22d91de736e8966b980dc355cbcdd2c6dbbcfe275f9a2991bc8a91b3df65", size = 268112, upload-time = "2026-05-26T20:41:12.966Z" },
    { url = "https://files.pythonhosted.org/packages/96/26/86b9ce71f4092b1ed325ce1421698081df1286b833400b6836912834d6e0/coverage-7.14.1-cp314-cp314t-manylinux_2_31_riscv64.manylinux_2_39_riscv64.whl", hash = "sha256:357d4e32935c36588aaba057d734fa32428c360c9fc2e4442afbf1b646beee6e", size = 261558, upload-time = "2026-05-26T20:41:15Z" },
    { url = "https://files.pythonhosted.org/packages/20/4c/c311210c5472cf5401d8422b0d7812cdd520f24417673afabda6c323faca/coverage-7.14.1-cp314-cp314t-musllinux_1_2_aarch64.whl", hash = "sha256:51bd64741cc6fa065abd300ede1afe5a5291ece9c31da8b24884deda48bcc3f8", size = 264447, upload-time = "2026-05-26T20:41:17.369Z" },
    { url = "https://files.pythonhosted.org/packages/fb/71/59513f8710ed3e6b0ac0a050a5b7e977bb9c9e880354863b5d00d8809256/coverage-7.14.1-cp314-cp314t-musllinux_1_2_i686.whl", hash = "sha256:9132cd363a68a4c3daa7c8704a654b1e39d3360f6f5b8ddd470608a945236c07", size = 262048, upload-time = "2026-05-26T20:41:19.309Z" },
    { url = "https://files.pythonhosted.org/packages/84/8d/bceed32dc494f5bbf50f775cd2e78ca814953942b5ea28d3c1c3ac316f14/coverage-7.14.1-cp314-cp314t-musllinux_1_2_ppc64le.whl", hash = "sha256:07c6290b1697b862c0478eab545eec949a0d0e4d6d03497f446d706da3b4f2de", size = 265781, upload-time = "2026-05-26T20:41:21.559Z" },
    { url = "https://files.pythonhosted.org/packages/e7/c5/9348fe40dbfd4991aaf78df2c6c3098bfb2cc834d1fd362a64b4efef855a/coverage-7.14.1-cp314-cp314t-musllinux_1_2_riscv64.whl", hash = "sha256:5ea0c297e27133853b4d8a3eb799bff5a2dbd9f2f41537a240d337ac9b4df890", size = 260896, upload-time = "2026-05-26T20:41:23.428Z" },
    { url = "https://files.pythonhosted.org/packages/ca/92/1ea0f03929da7cf87206b1fa24f4c8e9c158be0455481af29ec0a1f3503f/coverage-7.14.1-cp314-cp314t-musllinux_1_2_x86_64.whl", hash = "sha256:01b7733daad0237daa01ef80fe2dfceffc911e6a17fa7b55d14aa8214eaaaecd", size = 263214, upload-time = "2026-05-26T20:41:25.419Z" },
    { url = "https://files.pythonhosted.org/packages/f6/a9/b2493c054c0e01a643266742ab45e15744e60743f9260cd930c7142b1124/coverage-7.14.1-cp314-cp314t-win32.whl", hash = "sha256:6adc5a36984624a70bf11d7184e20fa0a49aa7c47ffab43804106a1a695ea22e", size = 223624, upload-time = "2026-05-26T20:41:27.795Z" },
    { url = "https://files.pythonhosted.org/packages/fc/bd/3e1e6a57fccd2d7c83fcdf338e93ba98eb85c6e877dd34731ac585375490/coverage-7.14.1-cp314-cp314t-win_amd64.whl", hash = "sha256:ddf799247318f34dbcd2efa8c95a8d0642674e926bb1774cf9b63dfd2a389d1c", size = 224728, upload-time = "2026-05-26T20:41:30.098Z" },
    { url = "https://files.pythonhosted.org/packages/bb/d7/31066cf1d2f0c6c797fce911bcfa01dd35642dc6da992a950256097c5860/coverage-7.14.1-cp314-cp314t-win_arm64.whl", hash = "sha256:145986fe66647eb489f18d9a997567a3fd358584c4b5a808769113abc07466af", size = 222752, upload-time = "2026-05-26T20:41:32.123Z" },
    { url = "https://files.pythonhosted.org/packages/8a/3c/1a983b9a745d7f83d53f057bcc5bf79ba6a2bbc08266b3f0c7d6fe630c9b/coverage-7.14.1-py3-none-any.whl", hash = "sha256:a252f21c27e38347e60111a3266b03827422a7d5525951aceee313aa68bab1d2", size = 211815, upload-time = "2026-05-26T20:41:34.078Z" },
]

[[package]]
name = "iniconfig"
version = "2.3.0"
source = { registry = "https://pypi.org/simple/" }
sdist = { url = "https://files.pythonhosted.org/packages/72/34/14ca021ce8e5dfedc35312d08ba8bf51fdd999c576889fc2c24cb97f4f10/iniconfig-2.3.0.tar.gz", hash = "sha256:c76315c77db068650d49c5b56314774a7804df16fee4402c1f19d6d15d8c4730", size = 20503, upload-time = "2025-10-18T21:55:43.219Z" }
wheels = [
    { url = "https://files.pythonhosted.org/packages/cb/b1/3846dd7f199d53cb17f49cba7e651e9ce294d8497c8c150530ed11865bb8/iniconfig-2.3.0-py3-none-any.whl", hash = "sha256:f631c04d2c48c52b84d0d0549c99ff3859c98df65b3101406327ecc7d53fbf12", size = 7484, upload-time = "2025-10-18T21:55:41.639Z" },
]

[[package]]
name = "kaparoo-python"
version = "0.2.1"
source = { editable = "." }

[package.dev-dependencies]
dev = [
    { name = "pytest" },
    { name = "pytest-cov" },
    { name = "ruff" },
    { name = "ty" },
]

[package.metadata]

[package.metadata.requires-dev]
dev = [
    { name = "pytest", specifier = ">=9.0.3" },
    { name = "pytest-cov", specifier = ">=7.1" },
    { name = "ruff", specifier = ">=0.15.13" },
    { name = "ty", specifier = ">=0.0.37" },
]

[[package]]
name = "packaging"
version = "26.2"
source = { registry = "https://pypi.org/simple/" }
sdist = { url = "https://files.pythonhosted.org/packages/d7/f1/e7a6dd94a8d4a5626c03e4e99c87f241ba9e350cd9e6d75123f992427270/packaging-26.2.tar.gz", hash = "sha256:ff452ff5a3e828ce110190feff1178bb1f2ea2281fa2075aadb987c2fb221661", size = 228134, upload-time = "2026-04-24T20:15:23.917Z" }
wheels = [
    { url = "https://files.pythonhosted.org/packages/df/b2/87e62e8c3e2f4b32e5fe99e0b86d576da1312593b39f47d8ceef365e95ed/packaging-26.2-py3-none-any.whl", hash = "sha256:5fc45236b9446107ff2415ce77c807cee2862cb6fac22b8a73826d0693b0980e", size = 100195, upload-time = "2026-04-24T20:15:22.081Z" },
]

[[package]]
name = "pluggy"
version = "1.6.0"
source = { registry = "https://pypi.org/simple/" }
sdist = { url = "https://files.pythonhosted.org/packages/f9/e2/3e91f31a7d2b083fe6ef3fa267035b518369d9511ffab804f839851d2779/pluggy-1.6.0.tar.gz", hash = "sha256:7dcc130b76258d33b90f61b658791dede3486c3e6bfb003ee5c9bfb396dd22f3", size = 69412, upload-time = "2025-05-15T12:30:07.975Z" }
wheels = [
    { url = "https://files.pythonhosted.org/packages/54/20/4d324d65cc6d9205fabedc306948156824eb9f0ee1633355a8f7ec5c66bf/pluggy-1.6.0-py3-none-any.whl", hash = "sha256:e920276dd6813095e9377c0bc5566d94c932c33b27a3e3945d8389c374dd4746", size = 20538, upload-time = "2025-05-15T12:30:06.134Z" },
]

[[package]]
name = "pygments"
version = "2.20.0"
source = { registry = "https://pypi.org/simple/" }
sdist = { url = "https://files.pythonhosted.org/packages/c3/b2/bc9c9196916376152d655522fdcebac55e66de6603a76a02bca1b6414f6c/pygments-2.20.0.tar.gz", hash = "sha256:6757cd03768053ff99f3039c1a36d6c0aa0b263438fcab17520b30a303a82b5f", size = 4955991, upload-time = "2026-03-29T13:29:33.898Z" }
wheels = [
    { url = "https://files.pythonhosted.org/packages/f4/7e/a72dd26f3b0f4f2bf1dd8923c85f7ceb43172af56d63c7383eb62b332364/pygments-2.20.0-py3-none-any.whl", hash = "sha256:81a9e26dd42fd28a23a2d169d86d7ac03b46e2f8b59ed4698fb4785f946d0176", size = 1231151, upload-time = "2026-03-29T13:29:30.038Z" },
]

[[package]]
name = "pytest"
version = "9.0.3"
source = { registry = "https://pypi.org/simple/" }
dependencies = [
    { name = "colorama", marker = "sys_platform == 'win32'" },
    { name = "iniconfig" },
    { name = "packaging" },
    { name = "pluggy" },
    { name = "pygments" },
]
sdist = { url = "https://files.pythonhosted.org/packages/7d/0d/549bd94f1a0a402dc8cf64563a117c0f3765662e2e668477624baeec44d5/pytest-9.0.3.tar.gz", hash = "sha256:b86ada508af81d19edeb213c681b1d48246c1a91d304c6c81a427674c17eb91c", size = 1572165, upload-time = "2026-04-07T17:16:18.027Z" }
wheels = [
    { url = "https://files.pythonhosted.org/packages/d4/24/a372aaf5c9b7208e7112038812994107bc65a84cd00e0354a88c2c77a617/pytest-9.0.3-py3-none-any.whl", hash = "sha256:2c5efc453d45394fdd706ade797c0a81091eccd1d6e4bccfcd476e2b8e0ab5d9", size = 375249, upload-time = "2026-04-07T17:16:16.13Z" },
]

[[package]]
name = "pytest-cov"
version = "7.1.0"
source = { registry = "https://pypi.org/simple/" }
dependencies = [
    { name = "coverage" },
    { name = "pluggy" },
    { name = "pytest" },
]
sdist = { url = "https://files.pythonhosted.org/packages/b1/51/a849f96e117386044471c8ec2bd6cfebacda285da9525c9106aeb28da671/pytest_cov-7.1.0.tar.gz", hash = "sha256:30674f2b5f6351aa09702a9c8c364f6a01c27aae0c1366ae8016160d1efc56b2", size = 55592, upload-time = "2026-03-21T20:11:16.284Z" }
wheels = [
    { url = "https://files.pythonhosted.org/packages/9d/7a/d968e294073affff457b041c2be9868a40c1c71f4a35fcc1e45e5493067b/pytest_cov-7.1.0-py3-none-any.whl", hash = "sha256:a0461110b7865f9a271aa1b51e516c9a95de9d696734a2f71e3e78f46e1d4678", size = 22876, upload-time = "2026-03-21T20:11:14.438Z" },
]

[[package]]
name = "ruff"
version = "0.15.14"
source = { registry = "https://pypi.org/simple/" }
sdist = { url = "https://files.pythonhosted.org/packages/dc/8a/8bce2894573e9dae6ff4d77fe34ad727d79b9e6238ad288c5638990d90f6/ruff-0.15.14.tar.gz", hash = "sha256:48e866b165be4a9bdbf310f7d3c9a07edef2fe8cd63ffeb4e00bb590506ebf9f", size = 4700910, upload-time = "2026-05-21T14:34:55.177Z" }
wheels = [
    { url = "https://files.pythonhosted.org/packages/b9/c8/74a92c6ff9fcfb4f1f947126d3ebee8389276e161ecc85de5bda7cda51bd/ruff-0.15.14-py3-none-linux_armv6l.whl", hash = "sha256:8dd2db9416e487c8d4b01fa7056bb02c4d05969d4f8d17a08c229c2f4ff3c108", size = 10739177, upload-time = "2026-05-21T14:34:37.332Z" },
    { url = "https://files.pythonhosted.org/packages/45/91/254a35c20acc38a7223c9d2d594af12e794432464f2cdeb52af1dc4a892d/ruff-0.15.14-py3-none-macosx_10_12_x86_64.whl", hash = "sha256:be4ff55af755bd71a00ab3dc6bd7ffc467bd76e0df6881e286c2e3d23e8fb43b", size = 11144969, upload-time = "2026-05-21T14:34:43.978Z" },
    { url = "https://files.pythonhosted.org/packages/56/9e/d13e40f83b8d0a94430e6778ce1d94a43b38cf2efe63278bdd2b4c65abbf/ruff-0.15.14-py3-none-macosx_11_0_arm64.whl", hash = "sha256:48d5909d7d06276ce7dde6d32bfa4b0d4cb2651145cd8ee4b440722cbc77832f", size = 10478207, upload-time = "2026-05-21T14:34:48.378Z" },
    { url = "https://files.pythonhosted.org/packages/8d/f1/b15a7839fa4f332f8acec78e20564f26bb2d866e3d21710b877fd0263000/ruff-0.15.14-py3-none-manylinux_2_17_aarch64.manylinux2014_aarch64.whl", hash = "sha256:ca8cbfa94c4f90984a67561978602746d4cd27103568f745fa90eee3f0d4107d", size = 10818459, upload-time = "2026-05-21T14:34:22.318Z" },
    { url = "https://files.pythonhosted.org/packages/45/33/53d651177f84f94b400a0e27f8824eeada3dddc9d5ee8aeb048f4352a520/ruff-0.15.14-py3-none-manylinux_2_17_armv7l.manylinux2014_armv7l.whl", hash = "sha256:9a6bbc0333f1ab053423bcbf6226477d266ca7cec7738c4c8e3f55647803f3c4", size = 10541800, upload-time = "2026-05-21T14:34:20.209Z" },
    { url = "https://files.pythonhosted.org/packages/b8/a6/868f87e0bf9786ed24b5d0d0ad8676b8a94fd1912f42cddf9cfc7857818a/ruff-0.15.14-py3-none-manylinux_2_17_i686.manylinux2014_i686.whl", hash = "sha256:8a24a4f7605d7003a6674d4387651effd939dead3fddd0f36561eb77a9a2e542", size = 11342149, upload-time = "2026-05-21T14:34:46.365Z" },
    { url = "https://files.pythonhosted.org/packages/a7/8b/38cd5c19faffdcc05a408d2b78edccc69492ab9720eadb49ea15ef80d768/ruff-0.15.14-py3-none-manylinux_2_17_ppc64le.manylinux2014_ppc64le.whl", hash = "sha256:049b5326e53ed80978f2fc041a280603f69dd6b0c95464342a2bb4572d9d9e2f", size = 12212563, upload-time = "2026-05-21T14:34:28.579Z" },
    { url = "https://files.pythonhosted.org/packages/3e/4d/a3c5b874a556d5731e3e657aaf04311bb76f0a5c3ec220ed43051be6b64b/ruff-0.15.14-py3-none-manylinux_2_17_s390x.manylinux2014_s390x.whl", hash = "sha256:d4ed42e6696c8dfa5f06728e6441993901f548eb92d73bc472cb5a38d1395fbf", size = 11493299, upload-time = "2026-05-21T14:34:41.836Z" },
    { url = "https://files.pythonhosted.org/packages/1e/c0/56472c251d09858a53e51efbd485b09e1995d8731668b76d52e5dd6ee0f1/ruff-0.15.14-py3-none-manylinux_2_17_x86_64.manylinux2014_x86_64.whl", hash = "sha256:715c543cf450c4888251f91c52f1942a800541d9bddd7ac060aa4e6b77ae7cba", size = 11455931, upload-time = "2026-05-21T14:34:57.276Z" },
    { url = "https://files.pythonhosted.org/packages/2c/4a/e2e7b4d8dbf233d4eace59c75bc3435fa6d8bd3bae82d351d4e4300c0fd1/ruff-0.15.14-py3-none-manylinux_2_31_riscv64.whl", hash = "sha256:72ebab6013ec887d439d8b7593737a0a4ffb06d45d209d4e4bf2e92813082d3f", size = 11400794, upload-time = "2026-05-21T14:34:39.773Z" },
    { url = "https://files.pythonhosted.org/packages/97/c7/83c0539fe34c3e09136204d1e75d6052492364e0b3cb05e9465423f567d7/ruff-0.15.14-py3-none-musllinux_1_2_aarch64.whl", hash = "sha256:49072d36abdbe97a8dd7f480afe9c675699c0c495d4c84076e2c1203c4550581", size = 10804759, upload-time = "2026-05-21T14:34:31.045Z" },
    { url = "https://files.pythonhosted.org/packages/86/a6/18f2bfc095a2ab4a78745644e428205532ce6653a5d0fa8501572891534d/ruff-0.15.14-py3-none-musllinux_1_2_armv7l.whl", hash = "sha256:958522aee105068640c2c2ceae08f413ae44d922f52a1374ac13d6a96032fc93", size = 10539517, upload-time = "2026-05-21T14:34:53.064Z" },
    { url = "https://files.pythonhosted.org/packages/54/3a/5a8b3b69c654d4e4bf1d246ac5b49cbcdac6eaab6905925f8915f31e3b80/ruff-0.15.14-py3-none-musllinux_1_2_i686.whl", hash = "sha256:f3707da619a143a2e8830e2abab8224478d69ace2d28cb6c20543ae97c36bf61", size = 11065169, upload-time = "2026-05-21T14:34:24.484Z" },
    { url = "https://files.pythonhosted.org/packages/ed/c5/8864e4e7925b836ea354b31d57641ec03830564e281a8b6f061f8c3e0ec1/ruff-0.15.14-py3-none-musllinux_1_2_x86_64.whl", hash = "sha256:bb01d645694e3ec0102105d07ef2d53703970407d59c04e59d3ba0b7a1d53553", size = 11560214, upload-time = "2026-05-21T14:34:50.975Z" },
    { url = "https://files.pythonhosted.org/packages/36/38/012bf76752e1f89ed50b77b99532d90f3a3e287bc7918e1fc0948ac866ac/ruff-0.15.14-py3-none-win32.whl", hash = "sha256:6d0c1ad2a0ab718d39b6d8fd2217981ce4d625cd96a720095f798fb47d8b13e6", size = 10805548, upload-time = "2026-05-21T14:34:33.453Z" },
    { url = "https://files.pythonhosted.org/packages/d1/b7/4ea2c170f10ad760fff2a5250beb18897719dc8b52b53a24cddbb9dd3f19/ruff-0.15.14-py3-none-win_amd64.whl", hash = "sha256:802342981e056db3851a7836e5b070f8f15f67d4a685ae2a6160939d364b2902", size = 11939523, upload-time = "2026-05-21T14:34:18.077Z" },
    { url = "https://files.pythonhosted.org/packages/62/d5/bc97ff895ec35cf3925d4bd60f3b39d822f377a446906ec9bcc87405e59b/ruff-0.15.14-py3-none-win_arm64.whl", hash = "sha256:ff47b90a9ef6a40c9e2f3b479c1fb78531adf055b94c1eba0a7ba04b31951826", size = 11208607, upload-time = "2026-05-21T14:34:26.525Z" },
]

[[package]]
name = "ty"
version = "0.0.38"
source = { registry = "https://pypi.org/simple/" }
sdist = { url = "https://files.pythonhosted.org/packages/33/3b/45be6b37d5060d6917bf7f1f234c00d360fc5f8b7486f8a96af640e25661/ty-0.0.38.tar.gz", hash = "sha256:fbc8d47f7630457669ab41e333dc093897fdb7ead1ffc94dcf8f30b5d39aa56d", size = 5681218, upload-time = "2026-05-20T00:15:32.781Z" }
wheels = [
    { url = "https://files.pythonhosted.org/packages/54/43/ea9b4e57d6a266670dbe34858e92f6093ca054ad1b48f1c82580a72340fb/ty-0.0.38-py3-none-linux_armv6l.whl", hash = "sha256:3501dcf44ca03f813f9cb4fabfdf601adc0ac1337c411405b470530679e37a45", size = 11289326, upload-time = "2026-05-20T00:14:52.371Z" },
    { url = "https://files.pythonhosted.org/packages/5d/ff/24e2f623a1c6b5f5ccf8bf82fccd937033c6a7dba57a4028c7f41270fa4a/ty-0.0.38-py3-none-macosx_10_12_x86_64.whl", hash = "sha256:b34b4094b76252c3e8c90762cdd5e8a9f1101534484745ff4b480f71eb38ac2e", size = 11063047, upload-time = "2026-05-20T00:14:42.832Z" },
    { url = "https://files.pythonhosted.org/packages/e9/41/4f0d910f0acbd20b358eda80a5cd6a8361d27ff5b8e87ab559d3f69f125e/ty-0.0.38-py3-none-macosx_11_0_arm64.whl", hash = "sha256:c518ad33a877677365baab2e21d82cf59ffee789203a15a143f5179ee5a1d3f8", size = 10494436, upload-time = "2026-05-20T00:15:24.425Z" },
    { url = "https://files.pythonhosted.org/packages/69/d8/da06833422082aa98b169a391f9197e2d73865e96c90b6979ac886b890a2/ty-0.0.38-py3-none-manylinux_2_17_aarch64.manylinux2014_aarch64.whl", hash = "sha256:9238494722303eccddc6a27eb647948b694eecd6b974910d13b9e6cd46bbeb6a", size = 11000992, upload-time = "2026-05-20T00:14:58.368Z" },
    { url = "https://files.pythonhosted.org/packages/16/f7/e1172197fb827e6410ca3eb0dc68ef2789f3c70683696f2a0ce5c90764fd/ty-0.0.38-py3-none-manylinux_2_17_armv7l.manylinux2014_armv7l.whl", hash = "sha256:31d91d7336c5d51bf822ac0df512f300584ca4dcca041fc6a6d7df03a8ddbb31", size = 11058583, upload-time = "2026-05-20T00:15:11.314Z" },
    { url = "https://files.pythonhosted.org/packages/5b/61/7fbaf0c05981e006a8804287819c574dff90a6bf8e96efad7226be0700aa/ty-0.0.38-py3-none-manylinux_2_17_i686.manylinux2014_i686.whl", hash = "sha256:65165879814993450710b9349791e4898c65e36b1e14eec554884c06a2f20ff1", size = 11531036, upload-time = "2026-05-20T00:15:14.62Z" },
    { url = "https://files.pythonhosted.org/packages/49/e3/47c0c64e401d50f925df3e52479d4e7626754b2a9e38201d142fdacd6252/ty-0.0.38-py3-none-manylinux_2_17_ppc64le.manylinux2014_ppc64le.whl", hash = "sha256:6d61868b8d1c4033bf8088191de953fed245c2f9e1bb9d2d53e5699170b0924c", size = 12129991, upload-time = "2026-05-20T00:14:39.475Z" },
    { url = "https://files.pythonhosted.org/packages/90/99/2f452d02901bcd7f1b109cf5b848727ce37f372c3406143aa52d1305d40e/ty-0.0.38-py3-none-manylinux_2_17_s390x.manylinux2014_s390x.whl", hash = "sha256:8f9a9175548c98dbff7707865738c07c2b1f8e07a09b8c68101baebb5dac59a4", size = 11756167, upload-time = "2026-05-20T00:15:27.526Z" },
    { url = "https://files.pythonhosted.org/packages/dd/0c/c7e14d111c813e1a20b82e944f1c997c4631a2bb710eaa64fb6b26835e13/ty-0.0.38-py3-none-manylinux_2_17_x86_64.manylinux2014_x86_64.whl", hash = "sha256:375d3a964c6b4aea2e9237fdb5eb9ed03dc43088986a94209a28a4ea3b62001c", size = 11637099, upload-time = "2026-05-20T00:15:21.261Z" },
    { url = "https://files.pythonhosted.org/packages/37/de/ab02659dd1ed62898db7db4d37f9937c80854dd45e95093fa0fe10328d82/ty-0.0.38-py3-none-manylinux_2_31_riscv64.whl", hash = "sha256:cdfd547782c45267aa0b52abad31bd406bf4768c264532ef9e2360cd3c6ce048", size = 11813583, upload-time = "2026-05-20T00:14:45.875Z" },
    { url = "https://files.pythonhosted.org/packages/7e/57/bd1b5ebf4e71a4295484afac0202df1740b0807762b86744b1bef4534984/ty-0.0.38-py3-none-musllinux_1_2_aarch64.whl", hash = "sha256:858bc675b75626470abe4e6c3b3934b853642b04f2ac4d7139fcefea3b48b213", size = 10975405, upload-time = "2026-05-20T00:15:30.354Z" },
    { url = "https://files.pythonhosted.org/packages/e7/55/0305c78711bbd23922cf291996a08ef9544f4179da98e9a75c14e608f379/ty-0.0.38-py3-none-musllinux_1_2_armv7l.whl", hash = "sha256:54be4f00432870da42cd74fe145a3362fd248e22d032c74bd807cb45bf068f94", size = 11097551, upload-time = "2026-05-20T00:14:55.179Z" },
    { url = "https://files.pythonhosted.org/packages/7c/4f/7effe7f9a6ac9719eb7234172c01739c5f888bb47f9acc2ea8da1f4afed3/ty-0.0.38-py3-none-musllinux_1_2_i686.whl", hash = "sha256:494af66a76a86dbf16a3003d3b63b03484aa4c7489dfe11f3ee5413b98b22d60", size = 11214391, upload-time = "2026-05-20T00:15:18.094Z" },
    { url = "https://files.pythonhosted.org/packages/75/cd/d9fdfec3a74a6ad0209fa5e7113ae29d4f457d0651cfbb813b4c6563e0d4/ty-0.0.38-py3-none-musllinux_1_2_x86_64.whl", hash = "sha256:3d92527c4be78a5ce6d32e8bb0aa2a6988d4076eddf1294e56fdaf06d1a98e7e", size = 11730871, upload-time = "2026-05-20T00:14:49.219Z" },
    { url = "https://files.pythonhosted.org/packages/0e/4a/beefade12d109b4f7793d61b04b4478b1ad4d1465a719e7ff55b2d42461a/ty-0.0.38-py3-none-win32.whl", hash = "sha256:36fc5dd5dc09207ff3004b1560a79a3fb8d12456daeec914a7b802a918da654c", size = 10548583, upload-time = "2026-05-20T00:15:07.892Z" },
    { url = "https://files.pythonhosted.org/packages/15/64/941b205e2e46cc2297c245c64aa7691410b7454fa4d07a6cb3cf59487833/ty-0.0.38-py3-none-win_amd64.whl", hash = "sha256:eef0a8956ba14514076b1a963d13eb32986d9ebad7f0527b3cc01cb68bf35147", size = 11650542, upload-time = "2026-05-20T00:15:01.441Z" },
    { url = "https://files.pythonhosted.org/packages/59/02/c1c4f9ec4b94d95190636fa13f79c32f65165fbe3a0503882d4df164d2ac/ty-0.0.38-py3-none-win_arm64.whl", hash = "sha256:79abfc8658a026c30b1c955613437dab3ef4b12feca56a3e6df50903cc39e07f", size = 11010307, upload-time = "2026-05-20T00:15:04.567Z" },
]
